
Microsoft Visual Studio Solution File, Format Version 12.00
# Visual Studio 14
VisualStudioVersion = 14.0.21901.1
MinimumVisualStudioVersion = 10.0.40219.1
Project("{FAE04EC0-301F-11D3-BF4B-00C04F79EFBC}") = "MVC5EF6Demo", "MVC5EF6Demo\MVC5EF6Demo.csproj", "{60C9A696-AF0B-4388-BCC5-DA3E6577F282}"
EndProject
Project("{2150E333-8FDC-42A3-9474-1A3956D46DE8}") = "表示层", "表示层", "{C185FEAD-D602-4124-9B55-8B19A639C2C5}"
EndProject
Project("{2150E333-8FDC-42A3-9474-1A3956D46DE8}") = "领域层", "领域层", "{DDB582EA-A735-48DF-942C-28FD46F35A13}"
EndProject
Project("{2150E333-8FDC-42A3-9474-1A3956D46DE8}") = "基础设施层", "基础设施层", "{5AFE9542-3623-4C8B-A15D-866945F2316F}"
EndProject
Project("{2150E333-8FDC-42A3-9474-1A3956D46DE8}") = "应用层", "应用层", "{5D93F3E7-78D0-463A-9BC0-8873FB8593DA}"
EndProject
Project("{FAE04EC0-301F-11D3-BF4B-00C04F79EFBC}") = "JX.Infrastructure", "JX.Infrastructure\JX.Infrastructure.csproj", "{447E06B7-0652-4AA5-8CAC-1AEBF71DEBCF}"
EndProject
Project("{FAE04EC0-301F-11D3-BF4B-00C04F79EFBC}") = "JX.Infrastructure.Repositories", "JX.Infrastructure.Repositories\JX.Infrastructure.Repositories.csproj", "{B5355E1C-336D-4F83-99F0-6342DA0C590E}"
EndProject
Project("{FAE04EC0-301F-11D3-BF4B-00C04F79EFBC}") = "JX.Domain.Model", "JX.Domain.Model\JX.Domain.Model.csproj", "{77AF1047-F8B8-4724-8114-4B4E66D85FAE}"
EndProject
Project("{FAE04EC0-301F-11D3-BF4B-00C04F79EFBC}") = "JX.Domain.IRepositories", "JX.Domain.IRepositories\JX.Domain.IRepositories.csproj", "{634CDAD1-07EA-4455-A758-2BB240440BAB}"
EndProject
Project("{FAE04EC0-301F-11D3-BF4B-00C04F79EFBC}") = "JX.Domain.Service", "JX.Domain.Service\JX.Domain.Service.csproj", "{933C49E7-4241-4EA7-B0D7-87430EA206C0}"
EndProject
Project("{FAE04EC0-301F-11D3-BF4B-00C04F79EFBC}") = "JX.Infrastructure.Caching", "JX.Infrastructure.Caching\JX.Infrastructure.Caching.csproj", "{BBDD2A4E-4434-4821-B5EA-71674E9BA671}"
EndProject
Project("{2150E333-8FDC-42A3-9474-1A3956D46DE8}") = "-1 其它练习", "-1 其它练习", "{189E9674-6F0A-44CC-BF0B-FEF885F3F80C}"
EndProject
Project("{FAE04EC0-301F-11D3-BF4B-00C04F79EFBC}") = "TechPractise", "TechPractise\TechPractise.csproj", "{C216685D-502F-4A5E-99D3-9B2DF917D58F}"
EndProject
Project("{2150E333-8FDC-42A3-9474-1A3956D46DE8}") = "分布式服务层", "分布式服务层", "{0A6B2709-87A3-4D7E-9D55-770DF29B470A}"
EndProject
Project("{FAE04EC0-301F-11D3-BF4B-00C04F79EFBC}") = "JX.Domain.Specifications", "JX.Domain.Specifications\JX.Domain.Specifications.csproj", "{8F4FFF39-4B4A-47EF-B473-2766E796E022}"
EndProject
Global
	GlobalSection(SolutionConfigurationPlatforms) = preSolution
		Debug|Any CPU = Debug|Any CPU
		Release|Any CPU = Release|Any CPU
	EndGlobalSection
	GlobalSection(ProjectConfigurationPlatforms) = postSolution
		{60C9A696-AF0B-4388-BCC5-DA3E6577F282}.Debug|Any CPU.ActiveCfg = Debug|Any CPU
		{60C9A696-AF0B-4388-BCC5-DA3E6577F282}.Debug|Any CPU.Build.0 = Debug|Any CPU
		{60C9A696-AF0B-4388-BCC5-DA3E6577F282}.Release|Any CPU.ActiveCfg = Release|Any CPU
		{60C9A696-AF0B-4388-BCC5-DA3E6577F282}.Release|Any CPU.Build.0 = Release|Any CPU
		{447E06B7-0652-4AA5-8CAC-1AEBF71DEBCF}.Debug|Any CPU.ActiveCfg = Debug|Any CPU
		{447E06B7-0652-4AA5-8CAC-1AEBF71DEBCF}.Debug|Any CPU.Build.0 = Debug|Any CPU
		{447E06B7-0652-4AA5-8CAC-1AEBF71DEBCF}.Release|Any CPU.ActiveCfg = Release|Any CPU
		{447E06B7-0652-4AA5-8CAC-1AEBF71DEBCF}.Release|Any CPU.Build.0 = Release|Any CPU
		{B5355E1C-336D-4F83-99F0-6342DA0C590E}.Debug|Any CPU.ActiveCfg = Debug|Any CPU
		{B5355E1C-336D-4F83-99F0-6342DA0C590E}.Debug|Any CPU.Build.0 = Debug|Any CPU
		{B5355E1C-336D-4F83-99F0-6342DA0C590E}.Release|Any CPU.ActiveCfg = Release|Any CPU
		{B5355E1C-336D-4F83-99F0-6342DA0C590E}.Release|Any CPU.Build.0 = Release|Any CPU
		{77AF1047-F8B8-4724-8114-4B4E66D85FAE}.Debug|Any CPU.ActiveCfg = Debug|Any CPU
		{77AF1047-F8B8-4724-8114-4B4E66D85FAE}.Debug|Any CPU.Build.0 = Debug|Any CPU
		{77AF1047-F8B8-4724-8114-4B4E66D85FAE}.Release|Any CPU.ActiveCfg = Release|Any CPU
		{77AF1047-F8B8-4724-8114-4B4E66D85FAE}.Release|Any CPU.Build.0 = Release|Any CPU
		{634CDAD1-07EA-4455-A758-2BB240440BAB}.Debug|Any CPU.ActiveCfg = Debug|Any CPU
		{634CDAD1-07EA-4455-A758-2BB240440BAB}.Debug|Any CPU.Build.0 = Debug|Any CPU
		{634CDAD1-07EA-4455-A758-2BB240440BAB}.Release|Any CPU.ActiveCfg = Release|Any CPU
		{634CDAD1-07EA-4455-A758-2BB240440BAB}.Release|Any CPU.Build.0 = Release|Any CPU
		{933C49E7-4241-4EA7-B0D7-87430EA206C0}.Debug|Any CPU.ActiveCfg = Debug|Any CPU
		{933C49E7-4241-4EA7-B0D7-87430EA206C0}.Debug|Any CPU.Build.0 = Debug|Any CPU
		{933C49E7-4241-4EA7-B0D7-87430EA206C0}.Release|Any CPU.ActiveCfg = Release|Any CPU
		{933C49E7-4241-4EA7-B0D7-87430EA206C0}.Release|Any CPU.Build.0 = Release|Any CPU
		{BBDD2A4E-4434-4821-B5EA-71674E9BA671}.Debug|Any CPU.ActiveCfg = Debug|Any CPU
		{BBDD2A4E-4434-4821-B5EA-71674E9BA671}.Debug|Any CPU.Build.0 = Debug|Any CPU
		{BBDD2A4E-4434-4821-B5EA-71674E9BA671}.Release|Any CPU.ActiveCfg = Release|Any CPU
		{BBDD2A4E-4434-4821-B5EA-71674E9BA671}.Release|Any CPU.Build.0 = Release|Any CPU
		{C216685D-502F-4A5E-99D3-9B2DF917D58F}.Debug|Any CPU.ActiveCfg = Debug|Any CPU
		{C216685D-502F-4A5E-99D3-9B2DF917D58F}.Debug|Any CPU.Build.0 = Debug|Any CPU
		{C216685D-502F-4A5E-99D3-9B2DF917D58F}.Release|Any CPU.ActiveCfg = Release|Any CPU
		{C216685D-502F-4A5E-99D3-9B2DF917D58F}.Release|Any CPU.Build.0 = Release|Any CPU
		{8F4FFF39-4B4A-47EF-B473-2766E796E022}.Debug|Any CPU.ActiveCfg = Debug|Any CPU
		{8F4FFF39-4B4A-47EF-B473-2766E796E022}.Debug|Any CPU.Build.0 = Debug|Any CPU
		{8F4FFF39-4B4A-47EF-B473-2766E796E022}.Release|Any CPU.ActiveCfg = Release|Any CPU
		{8F4FFF39-4B4A-47EF-B473-2766E796E022}.Release|Any CPU.Build.0 = Release|Any CPU
	EndGlobalSection
	GlobalSection(SolutionProperties) = preSolution
		HideSolutionNode = FALSE
	EndGlobalSection
	GlobalSection(NestedProjects) = preSolution
		{60C9A696-AF0B-4388-BCC5-DA3E6577F282} = {C185FEAD-D602-4124-9B55-8B19A639C2C5}
		{447E06B7-0652-4AA5-8CAC-1AEBF71DEBCF} = {5AFE9542-3623-4C8B-A15D-866945F2316F}
		{B5355E1C-336D-4F83-99F0-6342DA0C590E} = {5AFE9542-3623-4C8B-A15D-866945F2316F}
		{77AF1047-F8B8-4724-8114-4B4E66D85FAE} = {DDB582EA-A735-48DF-942C-28FD46F35A13}
		{634CDAD1-07EA-4455-A758-2BB240440BAB} = {DDB582EA-A735-48DF-942C-28FD46F35A13}
		{933C49E7-4241-4EA7-B0D7-87430EA206C0} = {DDB582EA-A735-48DF-942C-28FD46F35A13}
		{BBDD2A4E-4434-4821-B5EA-71674E9BA671} = {5AFE9542-3623-4C8B-A15D-866945F2316F}
		{C216685D-502F-4A5E-99D3-9B2DF917D58F} = {189E9674-6F0A-44CC-BF0B-FEF885F3F80C}
		{8F4FFF39-4B4A-47EF-B473-2766E796E022} = {DDB582EA-A735-48DF-942C-28FD46F35A13}
	EndGlobalSection
EndGlobal
